
Microsoft Visual Studio Solution File, Format Version 12.00
# Visual Studio 15
VisualStudioVersion = 15.0.28010.2041
MinimumVisualStudioVersion = 10.0.40219.1
Project("{E24C65DC-7377-472B-9ABA-BC803B73C61A}") = "Leerplanschema", "Leerplanschema\", "{BD19F2FF-89F2-4C15-9885-946EF1B53446}"
	ProjectSection(WebsiteProperties) = preProject
		TargetFrameworkMoniker = ".NETFramework,Version%3Dv4.6.1"
		Debug.AspNetCompiler.VirtualPath = "/localhost_60018"
		Debug.AspNetCompiler.PhysicalPath = "Leerplanschema\"
		Debug.AspNetCompiler.TargetPath = "PrecompiledWeb\localhost_60018\"
		Debug.AspNetCompiler.Updateable = "true"
		Debug.AspNetCompiler.ForceOverwrite = "true"
		Debug.AspNetCompiler.FixedNames = "false"
		Debug.AspNetCompiler.Debug = "True"
		Release.AspNetCompiler.VirtualPath = "/localhost_60018"
		Release.AspNetCompiler.PhysicalPath = "Leerplanschema\"
		Release.AspNetCompiler.TargetPath = "PrecompiledWeb\localhost_60018\"
		Release.AspNetCompiler.Updateable = "true"
		Release.AspNetCompiler.ForceOverwrite = "true"
		Release.AspNetCompiler.FixedNames = "false"
		Release.AspNetCompiler.Debug = "False"
		VWDPort = "60018"
		DefaultWebSiteLanguage = "Visual C#"
	EndProjectSection
EndProject
Global
	GlobalSection(SolutionConfigurationPlatforms) = preSolution
		Debug|Any CPU = Debug|Any CPU
	EndGlobalSection
	GlobalSection(ProjectConfigurationPlatforms) = postSolution
		{BD19F2FF-89F2-4C15-9885-946EF1B53446}.Debug|Any CPU.ActiveCfg = Debug|Any CPU
		{BD19F2FF-89F2-4C15-9885-946EF1B53446}.Debug|Any CPU.Build.0 = Debug|Any CPU
	EndGlobalSection
	GlobalSection(SolutionProperties) = preSolution
		HideSolutionNode = FALSE
	EndGlobalSection
	GlobalSection(ExtensibilityGlobals) = postSolution
		SolutionGuid = {AB25DB93-38F6-4EDE-B11B-0183DE027503}
	EndGlobalSection
EndGlobal
